// !$*UTF8*$!
{
	archiveVersion = 1;
	classes = {
	};
	objectVersion = 54;
	objects = {

/* Begin PBXBuildFile section */
		0C80B921A6F3F58F76C31292 /* libPods-OrotMobile.a in Frameworks */ = {isa = PBXBuildFile; fileRef = 5DCACB8F33CDC322A6C60F78 /* libPods-OrotMobile.a */; };
		13B07FBF1A68108700A75B9A /* Images.xcassets in Resources */ = {isa = PBXBuildFile; fileRef = 13B07FB51A68108700A75B9A /* Images.xcassets */; };
		761780ED2CA45674006654EE /* AppDelegate.swift in Sources */ = {isa = PBXBuildFile; fileRef = 761780EC2CA45674006654EE /* AppDelegate.swift */; };
		81AB9BB82411601600AC10FF /* LaunchScreen.storyboard in Resources */ = {isa = PBXBuildFile; fileRef = 81AB9BB72411601600AC10FF /* LaunchScreen.storyboard */; };
		A1011000A1011000A1011001 /* NavigationGlassView.swift in Sources */ = {isa = PBXBuildFile; fileRef = B1011000B1011000B1011001 /* NavigationGlassView.swift */; };
		A1011000A1011000A1011002 /* NavigationGlassViewManager.m in Sources */ = {isa = PBXBuildFile; fileRef = B1011000B1011000B1011002 /* NavigationGlassViewManager.m */; };
		A11600000000000000000001 /* BackupMigrationModule.swift in Sources */ = {isa = PBXBuildFile; fileRef = B11600000000000000000001 /* BackupMigrationModule.swift */; };
		A11600000000000000000002 /* BackupMigrationModule.m in Sources */ = {isa = PBXBuildFile; fileRef = B11600000000000000000002 /* BackupMigrationModule.m */; };
		A62F00000000000000000001 /* AppleFoundationModelsModule.swift in Sources */ = {isa = PBXBuildFile; fileRef = B62F00000000000000000001 /* AppleFoundationModelsModule.swift */; };
		A62F00000000000000000002 /* AppleFoundationModelsModule.m in Sources */ = {isa = PBXBuildFile; fileRef = B62F00000000000000000002 /* AppleFoundationModelsModule.m */; };
		A62F00000000000000000003 /* AppleFoundationModelsCodec.swift in Sources */ = {isa = PBXBuildFile; fileRef = B62F00000000000000000003 /* AppleFoundationModelsCodec.swift */; };
		A62F00000000000000000004 /* AppleFoundationModelsRequestSlot.swift in Sources */ = {isa = PBXBuildFile; fileRef = B62F00000000000000000004 /* AppleFoundationModelsRequestSlot.swift */; };
		A62F00000000000000000005 /* AppleFoundationModelsSupport.swift in Sources */ = {isa = PBXBuildFile; fileRef = B62F00000000000000000005 /* AppleFoundationModelsSupport.swift */; };
		A63F00000000000000000001 /* OpenAIProviderModule.swift in Sources */ = {isa = PBXBuildFile; fileRef = B63F00000000000000000001 /* OpenAIProviderModule.swift */; };
		A63F00000000000000000002 /* OpenAIProviderModule.m in Sources */ = {isa = PBXBuildFile; fileRef = B63F00000000000000000002 /* OpenAIProviderModule.m */; };
		A63F00000000000000000003 /* OpenAIProvider in Frameworks */ = {isa = PBXBuildFile; productRef = D63F00000000000000000001 /* OpenAIProvider */; };
		A63F00000000000000000004 /* OpenAIProviderErrorDetails.swift in Sources */ = {isa = PBXBuildFile; fileRef = B63F00000000000000000003 /* OpenAIProviderErrorDetails.swift */; };
		A64F00000000000000000001 /* RecordingModule.swift in Sources */ = {isa = PBXBuildFile; fileRef = B64F00000000000000000001 /* RecordingModule.swift */; };
		A64F00000000000000000002 /* RecordingModule.m in Sources */ = {isa = PBXBuildFile; fileRef = B64F00000000000000000002 /* RecordingModule.m */; };
		A64F00000000000000000003 /* RecordingModule+Commands.swift in Sources */ = {isa = PBXBuildFile; fileRef = B64F00000000000000000003 /* RecordingModule+Commands.swift */; };
		A64F00000000000000000004 /* RecordingCaptureLifecycle.swift in Sources */ = {isa = PBXBuildFile; fileRef = B64F00000000000000000004 /* RecordingCaptureLifecycle.swift */; };
		A64F00000000000000000005 /* RecordingSimulatorProbe.swift in Sources */ = {isa = PBXBuildFile; fileRef = B64F00000000000000000005 /* RecordingSimulatorProbe.swift */; };
		A64F00000000000000000006 /* RecordingFileStore.swift in Sources */ = {isa = PBXBuildFile; fileRef = B64F00000000000000000006 /* RecordingFileStore.swift */; };
		A64F00000000000000000007 /* RecordingSyntheticCapture.swift in Sources */ = {isa = PBXBuildFile; fileRef = B64F00000000000000000007 /* RecordingSyntheticCapture.swift */; };
		A64F00000000000000000008 /* RecordingDeletion.swift in Sources */ = {isa = PBXBuildFile; fileRef = B64F00000000000000000008 /* RecordingDeletion.swift */; };
		A64F00000000000000000009 /* RecordingDeletionPaths.swift in Sources */ = {isa = PBXBuildFile; fileRef = B64F00000000000000000009 /* RecordingDeletionPaths.swift */; };
		A65F00000000000000000001 /* EventKitCalendarModule.swift in Sources */ = {isa = PBXBuildFile; fileRef = B65F00000000000000000001 /* EventKitCalendarModule.swift */; };
		A65F00000000000000000002 /* EventKitCalendarModule.m in Sources */ = {isa = PBXBuildFile; fileRef = B65F00000000000000000002 /* EventKitCalendarModule.m */; };
		A65F00000000000000000003 /* EventKitCalendarSnapshot.swift in Sources */ = {isa = PBXBuildFile; fileRef = B65F00000000000000000003 /* EventKitCalendarSnapshot.swift */; };
		A66F00000000000000000001 /* SyntheticCalendarDetoxModule.swift in Sources */ = {isa = PBXBuildFile; fileRef = B66F00000000000000000001 /* SyntheticCalendarDetoxModule.swift */; };
		A66F00000000000000000002 /* SyntheticCalendarDetoxModule.m in Sources */ = {isa = PBXBuildFile; fileRef = B66F00000000000000000002 /* SyntheticCalendarDetoxModule.m */; };
		A1011000A1011000A1011001 /* NavigationGlassView.swift in Sources */ = {isa = PBXBuildFile; fileRef = B1011000B1011000B1011001 /* NavigationGlassView.swift */; };
		A1011000A1011000A1011002 /* NavigationGlassViewManager.m in Sources */ = {isa = PBXBuildFile; fileRef = B1011000B1011000B1011002 /* NavigationGlassViewManager.m */; };
		AC57D81E3E94B4B94BC86613 /* PrivacyInfo.xcprivacy in Resources */ = {isa = PBXBuildFile; fileRef = 13B07FB81A68108700A75B9A /* PrivacyInfo.xcprivacy */; };
		D4E159D73A594E0796941B26 /* BackupMigrationProbeSupport.swift in Sources */ = {isa = PBXBuildFile; fileRef = C4E159D73A594E0796941B26 /* BackupMigrationProbeSupport.swift */; };
		E12A00000000000000000001 /* OpenAIProviderAuthCoordinator.swift in Sources */ = {isa = PBXBuildFile; fileRef = E12A00000000000000000011 /* OpenAIProviderAuthCoordinator.swift */; };
		E12A00000000000000000002 /* OpenAIProviderAuthSession.swift in Sources */ = {isa = PBXBuildFile; fileRef = E12A00000000000000000012 /* OpenAIProviderAuthSession.swift */; };
		E12A00000000000000000003 /* OpenAIProviderRequestRegistry.swift in Sources */ = {isa = PBXBuildFile; fileRef = E12A00000000000000000013 /* OpenAIProviderRequestRegistry.swift */; };
		E12A00000000000000000004 /* OpenAIProviderModuleSimulatorFixture.swift in Sources */ = {isa = PBXBuildFile; fileRef = E12A00000000000000000014 /* OpenAIProviderModuleSimulatorFixture.swift */; };
		E14B00000000000000000001 /* SpeechTranscriptionAnalyzer.swift in Sources */ = {isa = PBXBuildFile; fileRef = E14A00000000000000000001 /* SpeechTranscriptionAnalyzer.swift */; };
		E14B00000000000000000002 /* SpeechTranscriptionAudioStore.swift in Sources */ = {isa = PBXBuildFile; fileRef = E14A00000000000000000002 /* SpeechTranscriptionAudioStore.swift */; };
		E14B00000000000000000003 /* SpeechTranscriptionAvailability.swift in Sources */ = {isa = PBXBuildFile; fileRef = E14A00000000000000000003 /* SpeechTranscriptionAvailability.swift */; };
		E14B00000000000000000004 /* SpeechTranscriptionEngine.swift in Sources */ = {isa = PBXBuildFile; fileRef = E14A00000000000000000004 /* SpeechTranscriptionEngine.swift */; };
		E14B00000000000000000005 /* SpeechTranscriptionLegacyRecognizer.swift in Sources */ = {isa = PBXBuildFile; fileRef = E14A00000000000000000005 /* SpeechTranscriptionLegacyRecognizer.swift */; };
		E14B00000000000000000006 /* SpeechTranscriptionModule.swift in Sources */ = {isa = PBXBuildFile; fileRef = E14A00000000000000000006 /* SpeechTranscriptionModule.swift */; };
		E14B00000000000000000007 /* SpeechTranscriptionModule.m in Sources */ = {isa = PBXBuildFile; fileRef = E14A00000000000000000007 /* SpeechTranscriptionModule.m */; };
		E14B00000000000000000008 /* SpeechTranscriptionTypes.swift in Sources */ = {isa = PBXBuildFile; fileRef = E14A00000000000000000008 /* SpeechTranscriptionTypes.swift */; };
		E16A00000000000000000001 /* HealthKit.framework in Frameworks */ = {isa = PBXBuildFile; fileRef = E16A00000000000000000016 /* HealthKit.framework */; };
		E16A00000000000000000002 /* HealthKitBoundary.swift in Sources */ = {isa = PBXBuildFile; fileRef = E16A00000000000000000011 /* HealthKitBoundary.swift */; };
		E16A00000000000000000003 /* HealthKitModule.swift in Sources */ = {isa = PBXBuildFile; fileRef = E16A00000000000000000012 /* HealthKitModule.swift */; };
		E16A00000000000000000004 /* HealthKitModule.m in Sources */ = {isa = PBXBuildFile; fileRef = E16A00000000000000000013 /* HealthKitModule.m */; };
		E16A00000000000000000005 /* HealthKitSimulatorFixture.swift in Sources */ = {isa = PBXBuildFile; fileRef = E16A00000000000000000014 /* HealthKitSimulatorFixture.swift */; };
		E17A00000000000000000001 /* HealthKitMedicationQueries.swift in Sources */ = {isa = PBXBuildFile; fileRef = E17A00000000000000000011 /* HealthKitMedicationQueries.swift */; };
		E17A00000000000000000002 /* HealthKitSampleChanges.swift in Sources */ = {isa = PBXBuildFile; fileRef = E17A00000000000000000012 /* HealthKitSampleChanges.swift */; };
		F24E00000000000000000001 /* LocalE5EmbeddingModule.swift in Sources */ = {isa = PBXBuildFile; fileRef = F24E00000000000000000011 /* LocalE5EmbeddingModule.swift */; };
		F24E00000000000000000002 /* LocalE5EmbeddingModule.m in Sources */ = {isa = PBXBuildFile; fileRef = F24E00000000000000000012 /* LocalE5EmbeddingModule.m */; };
		F24E00000000000000000003 /* LocalE5EmbeddingRequestSlot.swift in Sources */ = {isa = PBXBuildFile; fileRef = F24E00000000000000000013 /* LocalE5EmbeddingRequestSlot.swift */; };
		F24E00000000000000000004 /* LocalE5EmbeddingRuntime.swift in Sources */ = {isa = PBXBuildFile; fileRef = F24E00000000000000000014 /* LocalE5EmbeddingRuntime.swift */; };
		F24E00000000000000000005 /* LocalE5ModelAssetStore.swift in Sources */ = {isa = PBXBuildFile; fileRef = F24E00000000000000000015 /* LocalE5ModelAssetStore.swift */; };
		F24E00000000000000000006 /* LocalE5URLSessionDownloader.swift in Sources */ = {isa = PBXBuildFile; fileRef = F24E00000000000000000016 /* LocalE5URLSessionDownloader.swift */; };
		F24E00000000000000000007 /* LocalE5ProcessMetrics.swift in Sources */ = {isa = PBXBuildFile; fileRef = F24E00000000000000000017 /* LocalE5ProcessMetrics.swift */; };
		F24E00000000000000000008 /* LocalE5SentencePieceTokenizer.mm in Sources */ = {isa = PBXBuildFile; fileRef = F24E00000000000000000018 /* LocalE5SentencePieceTokenizer.mm */; settings = {COMPILER_FLAGS = "-fcxx-modules"; }; };
		F24E00000000000000000009 /* onnxruntime in Frameworks */ = {isa = PBXBuildFile; productRef = F24E00000000000000000021 /* onnxruntime */; };
		F24E0000000000000000000A /* swift-package-support-sentencepiece in Frameworks */ = {isa = PBXBuildFile; productRef = F24E00000000000000000022 /* swift-package-support-sentencepiece */; };
/* End PBXBuildFile section */

/* Begin PBXFileReference section */
		13B07F961A680F5B00A75B9A /* Orot.app */ = {isa = PBXFileReference; explicitFileType = wrapper.application; includeInIndex = 0; path = Orot.app; sourceTree = BUILT_PRODUCTS_DIR; };
		13B07FB51A68108700A75B9A /* Images.xcassets */ = {isa = PBXFileReference; lastKnownFileType = folder.assetcatalog; name = Images.xcassets; path = OrotMobile/Images.xcassets; sourceTree = "<group>"; };
		13B07FB61A68108700A75B9A /* Info.plist */ = {isa = PBXFileReference; fileEncoding = 4; lastKnownFileType = text.plist.xml; name = Info.plist; path = OrotMobile/Info.plist; sourceTree = "<group>"; };
		13B07FB81A68108700A75B9A /* PrivacyInfo.xcprivacy */ = {isa = PBXFileReference; fileEncoding = 4; lastKnownFileType = text.plist.xml; name = PrivacyInfo.xcprivacy; path = OrotMobile/PrivacyInfo.xcprivacy; sourceTree = "<group>"; };
		3B4392A12AC88292D35C810B /* Pods-OrotMobile.debug.xcconfig */ = {isa = PBXFileReference; includeInIndex = 1; lastKnownFileType = text.xcconfig; name = "Pods-OrotMobile.debug.xcconfig"; path = "Target Support Files/Pods-OrotMobile/Pods-OrotMobile.debug.xcconfig"; sourceTree = "<group>"; };
		5709B34CF0A7D63546082F79 /* Pods-OrotMobile.release.xcconfig */ = {isa = PBXFileReference; includeInIndex = 1; lastKnownFileType = text.xcconfig; name = "Pods-OrotMobile.release.xcconfig"; path = "Target Support Files/Pods-OrotMobile/Pods-OrotMobile.release.xcconfig"; sourceTree = "<group>"; };
		5DCACB8F33CDC322A6C60F78 /* libPods-OrotMobile.a */ = {isa = PBXFileReference; explicitFileType = archive.ar; includeInIndex = 0; path = "libPods-OrotMobile.a"; sourceTree = BUILT_PRODUCTS_DIR; };
		761780EC2CA45674006654EE /* AppDelegate.swift */ = {isa = PBXFileReference; lastKnownFileType = sourcecode.swift; name = AppDelegate.swift; path = OrotMobile/AppDelegate.swift; sourceTree = "<group>"; };
		81AB9BB72411601600AC10FF /* LaunchScreen.storyboard */ = {isa = PBXFileReference; fileEncoding = 4; lastKnownFileType = file.storyboard; name = LaunchScreen.storyboard; path = OrotMobile/LaunchScreen.storyboard; sourceTree = "<group>"; };
		B1011000B1011000B1011001 /* NavigationGlassView.swift */ = {isa = PBXFileReference; lastKnownFileType = sourcecode.swift; path = NavigationGlassView.swift; sourceTree = "<group>"; };
		B1011000B1011000B1011002 /* NavigationGlassViewManager.m */ = {isa = PBXFileReference; lastKnownFileType = sourcecode.c.objc; path = NavigationGlassViewManager.m; sourceTree = "<group>"; };
		B11600000000000000000001 /* BackupMigrationModule.swift */ = {isa = PBXFileReference; lastKnownFileType = sourcecode.swift; name = BackupMigrationModule.swift; path = OrotMobile/BackupMigrationModule.swift; sourceTree = "<group>"; };
		B11600000000000000000002 /* BackupMigrationModule.m */ = {isa = PBXFileReference; lastKnownFileType = sourcecode.c.objc; name = BackupMigrationModule.m; path = OrotMobile/BackupMigrationModule.m; sourceTree = "<group>"; };
		B62F00000000000000000001 /* AppleFoundationModelsModule.swift */ = {isa = PBXFileReference; lastKnownFileType = sourcecode.swift; name = AppleFoundationModelsModule.swift; path = OrotMobile/AppleFoundationModelsModule.swift; sourceTree = "<group>"; };
		B62F00000000000000000002 /* AppleFoundationModelsModule.m */ = {isa = PBXFileReference; lastKnownFileType = sourcecode.c.objc; name = AppleFoundationModelsModule.m; path = OrotMobile/AppleFoundationModelsModule.m; sourceTree = "<group>"; };
		B62F00000000000000000003 /* AppleFoundationModelsCodec.swift */ = {isa = PBXFileReference; lastKnownFileType = sourcecode.swift; name = AppleFoundationModelsCodec.swift; path = OrotMobile/AppleFoundationModelsCodec.swift; sourceTree = "<group>"; };
		B62F00000000000000000004 /* AppleFoundationModelsRequestSlot.swift */ = {isa = PBXFileReference; lastKnownFileType = sourcecode.swift; name = AppleFoundationModelsRequestSlot.swift; path = OrotMobile/AppleFoundationModelsRequestSlot.swift; sourceTree = "<group>"; };
		B62F00000000000000000005 /* AppleFoundationModelsSupport.swift */ = {isa = PBXFileReference; lastKnownFileType = sourcecode.swift; name = AppleFoundationModelsSupport.swift; path = OrotMobile/AppleFoundationModelsSupport.swift; sourceTree = "<group>"; };
		B63F00000000000000000001 /* OpenAIProviderModule.swift */ = {isa = PBXFileReference; lastKnownFileType = sourcecode.swift; name = OpenAIProviderModule.swift; path = OrotMobile/OpenAIProviderModule.swift; sourceTree = "<group>"; };
		B63F00000000000000000002 /* OpenAIProviderModule.m */ = {isa = PBXFileReference; lastKnownFileType = sourcecode.c.objc; name = OpenAIProviderModule.m; path = OrotMobile/OpenAIProviderModule.m; sourceTree = "<group>"; };
		B63F00000000000000000003 /* OpenAIProviderErrorDetails.swift */ = {isa = PBXFileReference; lastKnownFileType = sourcecode.swift; name = OpenAIProviderErrorDetails.swift; path = OrotMobile/OpenAIProviderErrorDetails.swift; sourceTree = "<group>"; };
		B64F00000000000000000001 /* RecordingModule.swift */ = {isa = PBXFileReference; lastKnownFileType = sourcecode.swift; name = RecordingModule.swift; path = OrotMobile/RecordingModule.swift; sourceTree = "<group>"; };
		B64F00000000000000000002 /* RecordingModule.m */ = {isa = PBXFileReference; lastKnownFileType = sourcecode.c.objc; name = RecordingModule.m; path = OrotMobile/RecordingModule.m; sourceTree = "<group>"; };
		B64F00000000000000000003 /* RecordingModule+Commands.swift */ = {isa = PBXFileReference; lastKnownFileType = sourcecode.swift; name = "RecordingModule+Commands.swift"; path = "OrotMobile/RecordingModule+Commands.swift"; sourceTree = "<group>"; };
		B64F00000000000000000004 /* RecordingCaptureLifecycle.swift */ = {isa = PBXFileReference; lastKnownFileType = sourcecode.swift; name = RecordingCaptureLifecycle.swift; path = OrotMobile/RecordingCaptureLifecycle.swift; sourceTree = "<group>"; };
		B64F00000000000000000005 /* RecordingSimulatorProbe.swift */ = {isa = PBXFileReference; lastKnownFileType = sourcecode.swift; name = RecordingSimulatorProbe.swift; path = OrotMobile/RecordingSimulatorProbe.swift; sourceTree = "<group>"; };
		B64F00000000000000000006 /* RecordingFileStore.swift */ = {isa = PBXFileReference; lastKnownFileType = sourcecode.swift; name = RecordingFileStore.swift; path = OrotMobile/RecordingFileStore.swift; sourceTree = "<group>"; };
		B64F00000000000000000007 /* RecordingSyntheticCapture.swift */ = {isa = PBXFileReference; lastKnownFileType = sourcecode.swift; name = RecordingSyntheticCapture.swift; path = OrotMobile/RecordingSyntheticCapture.swift; sourceTree = "<group>"; };
		B64F00000000000000000008 /* RecordingDeletion.swift */ = {isa = PBXFileReference; lastKnownFileType = sourcecode.swift; name = RecordingDeletion.swift; path = OrotMobile/RecordingDeletion.swift; sourceTree = "<group>"; };
		B64F00000000000000000009 /* RecordingDeletionPaths.swift */ = {isa = PBXFileReference; lastKnownFileType = sourcecode.swift; name = RecordingDeletionPaths.swift; path = OrotMobile/RecordingDeletionPaths.swift; sourceTree = "<group>"; };
		B65F00000000000000000001 /* EventKitCalendarModule.swift */ = {isa = PBXFileReference; lastKnownFileType = sourcecode.swift; name = EventKitCalendarModule.swift; path = OrotMobile/EventKitCalendarModule.swift; sourceTree = "<group>"; };
		B65F00000000000000000002 /* EventKitCalendarModule.m */ = {isa = PBXFileReference; lastKnownFileType = sourcecode.c.objc; name = EventKitCalendarModule.m; path = OrotMobile/EventKitCalendarModule.m; sourceTree = "<group>"; };
		B65F00000000000000000003 /* EventKitCalendarSnapshot.swift */ = {isa = PBXFileReference; lastKnownFileType = sourcecode.swift; name = EventKitCalendarSnapshot.swift; path = OrotMobile/EventKitCalendarSnapshot.swift; sourceTree = "<group>"; };
		B66F00000000000000000001 /* SyntheticCalendarDetoxModule.swift */ = {isa = PBXFileReference; lastKnownFileType = sourcecode.swift; name = SyntheticCalendarDetoxModule.swift; path = OrotMobile/SyntheticCalendarDetoxModule.swift; sourceTree = "<group>"; };
		B66F00000000000000000002 /* SyntheticCalendarDetoxModule.m */ = {isa = PBXFileReference; lastKnownFileType = sourcecode.c.objc; name = SyntheticCalendarDetoxModule.m; path = OrotMobile/SyntheticCalendarDetoxModule.m; sourceTree = "<group>"; };
		C4E159D73A594E0796941B26 /* BackupMigrationProbeSupport.swift */ = {isa = PBXFileReference; lastKnownFileType = sourcecode.swift; name = BackupMigrationProbeSupport.swift; path = OrotMobile/BackupMigrationProbeSupport.swift; sourceTree = "<group>"; };
		E12A00000000000000000011 /* OpenAIProviderAuthCoordinator.swift */ = {isa = PBXFileReference; lastKnownFileType = sourcecode.swift; name = OpenAIProviderAuthCoordinator.swift; path = OrotMobile/OpenAIProviderAuthCoordinator.swift; sourceTree = "<group>"; };
		E12A00000000000000000012 /* OpenAIProviderAuthSession.swift */ = {isa = PBXFileReference; lastKnownFileType = sourcecode.swift; name = OpenAIProviderAuthSession.swift; path = OrotMobile/OpenAIProviderAuthSession.swift; sourceTree = "<group>"; };
		E12A00000000000000000013 /* OpenAIProviderRequestRegistry.swift */ = {isa = PBXFileReference; lastKnownFileType = sourcecode.swift; name = OpenAIProviderRequestRegistry.swift; path = OrotMobile/OpenAIProviderRequestRegistry.swift; sourceTree = "<group>"; };
		E12A00000000000000000014 /* OpenAIProviderModuleSimulatorFixture.swift */ = {isa = PBXFileReference; lastKnownFileType = sourcecode.swift; name = OpenAIProviderModuleSimulatorFixture.swift; path = OrotMobile/OpenAIProviderModuleSimulatorFixture.swift; sourceTree = "<group>"; };
		E14A00000000000000000001 /* SpeechTranscriptionAnalyzer.swift */ = {isa = PBXFileReference; lastKnownFileType = sourcecode.swift; name = SpeechTranscriptionAnalyzer.swift; path = OrotMobile/SpeechTranscriptionAnalyzer.swift; sourceTree = "<group>"; };
		E14A00000000000000000002 /* SpeechTranscriptionAudioStore.swift */ = {isa = PBXFileReference; lastKnownFileType = sourcecode.swift; name = SpeechTranscriptionAudioStore.swift; path = OrotMobile/SpeechTranscriptionAudioStore.swift; sourceTree = "<group>"; };
		E14A00000000000000000003 /* SpeechTranscriptionAvailability.swift */ = {isa = PBXFileReference; lastKnownFileType = sourcecode.swift; name = SpeechTranscriptionAvailability.swift; path = OrotMobile/SpeechTranscriptionAvailability.swift; sourceTree = "<group>"; };
		E14A00000000000000000004 /* SpeechTranscriptionEngine.swift */ = {isa = PBXFileReference; lastKnownFileType = sourcecode.swift; name = SpeechTranscriptionEngine.swift; path = OrotMobile/SpeechTranscriptionEngine.swift; sourceTree = "<group>"; };
		E14A00000000000000000005 /* SpeechTranscriptionLegacyRecognizer.swift */ = {isa = PBXFileReference; lastKnownFileType = sourcecode.swift; name = SpeechTranscriptionLegacyRecognizer.swift; path = OrotMobile/SpeechTranscriptionLegacyRecognizer.swift; sourceTree = "<group>"; };
		E14A00000000000000000006 /* SpeechTranscriptionModule.swift */ = {isa = PBXFileReference; lastKnownFileType = sourcecode.swift; name = SpeechTranscriptionModule.swift; path = OrotMobile/SpeechTranscriptionModule.swift; sourceTree = "<group>"; };
		E14A00000000000000000007 /* SpeechTranscriptionModule.m */ = {isa = PBXFileReference; lastKnownFileType = sourcecode.c.objc; name = SpeechTranscriptionModule.m; path = OrotMobile/SpeechTranscriptionModule.m; sourceTree = "<group>"; };
		E14A00000000000000000008 /* SpeechTranscriptionTypes.swift */ = {isa = PBXFileReference; lastKnownFileType = sourcecode.swift; name = SpeechTranscriptionTypes.swift; path = OrotMobile/SpeechTranscriptionTypes.swift; sourceTree = "<group>"; };
		E16A00000000000000000011 /* HealthKitBoundary.swift */ = {isa = PBXFileReference; lastKnownFileType = sourcecode.swift; name = HealthKitBoundary.swift; path = OrotMobile/HealthKitBoundary.swift; sourceTree = "<group>"; };
		E16A00000000000000000012 /* HealthKitModule.swift */ = {isa = PBXFileReference; lastKnownFileType = sourcecode.swift; name = HealthKitModule.swift; path = OrotMobile/HealthKitModule.swift; sourceTree = "<group>"; };
		E16A00000000000000000013 /* HealthKitModule.m */ = {isa = PBXFileReference; lastKnownFileType = sourcecode.c.objc; name = HealthKitModule.m; path = OrotMobile/HealthKitModule.m; sourceTree = "<group>"; };
		E16A00000000000000000014 /* HealthKitSimulatorFixture.swift */ = {isa = PBXFileReference; lastKnownFileType = sourcecode.swift; name = HealthKitSimulatorFixture.swift; path = OrotMobile/HealthKitSimulatorFixture.swift; sourceTree = "<group>"; };
		E16A00000000000000000016 /* HealthKit.framework */ = {isa = PBXFileReference; lastKnownFileType = wrapper.framework; name = HealthKit.framework; path = System/Library/Frameworks/HealthKit.framework; sourceTree = SDKROOT; };
		E17A00000000000000000011 /* HealthKitMedicationQueries.swift */ = {isa = PBXFileReference; lastKnownFileType = sourcecode.swift; name = HealthKitMedicationQueries.swift; path = OrotMobile/HealthKitMedicationQueries.swift; sourceTree = "<group>"; };
		E17A00000000000000000012 /* HealthKitSampleChanges.swift */ = {isa = PBXFileReference; lastKnownFileType = sourcecode.swift; name = HealthKitSampleChanges.swift; path = OrotMobile/HealthKitSampleChanges.swift; sourceTree = "<group>"; };
		ED297162215061F000B7C4FE /* JavaScriptCore.framework */ = {isa = PBXFileReference; lastKnownFileType = wrapper.framework; name = JavaScriptCore.framework; path = System/Library/Frameworks/JavaScriptCore.framework; sourceTree = SDKROOT; };
		F24E00000000000000000011 /* LocalE5EmbeddingModule.swift */ = {isa = PBXFileReference; lastKnownFileType = sourcecode.swift; name = LocalE5EmbeddingModule.swift; path = OrotMobile/LocalE5EmbeddingModule.swift; sourceTree = "<group>"; };
		F24E00000000000000000012 /* LocalE5EmbeddingModule.m */ = {isa = PBXFileReference; lastKnownFileType = sourcecode.c.objc; name = LocalE5EmbeddingModule.m; path = OrotMobile/LocalE5EmbeddingModule.m; sourceTree = "<group>"; };
		F24E00000000000000000013 /* LocalE5EmbeddingRequestSlot.swift */ = {isa = PBXFileReference; lastKnownFileType = sourcecode.swift; name = LocalE5EmbeddingRequestSlot.swift; path = OrotMobile/LocalE5EmbeddingRequestSlot.swift; sourceTree = "<group>"; };
		F24E00000000000000000014 /* LocalE5EmbeddingRuntime.swift */ = {isa = PBXFileReference; lastKnownFileType = sourcecode.swift; name = LocalE5EmbeddingRuntime.swift; path = OrotMobile/LocalE5EmbeddingRuntime.swift; sourceTree = "<group>"; };
		F24E00000000000000000015 /* LocalE5ModelAssetStore.swift */ = {isa = PBXFileReference; lastKnownFileType = sourcecode.swift; name = LocalE5ModelAssetStore.swift; path = OrotMobile/LocalE5ModelAssetStore.swift; sourceTree = "<group>"; };
		F24E00000000000000000016 /* LocalE5URLSessionDownloader.swift */ = {isa = PBXFileReference; lastKnownFileType = sourcecode.swift; name = LocalE5URLSessionDownloader.swift; path = OrotMobile/LocalE5URLSessionDownloader.swift; sourceTree = "<group>"; };
		F24E00000000000000000017 /* LocalE5ProcessMetrics.swift */ = {isa = PBXFileReference; lastKnownFileType = sourcecode.swift; name = LocalE5ProcessMetrics.swift; path = OrotMobile/LocalE5ProcessMetrics.swift; sourceTree = "<group>"; };
		F24E00000000000000000018 /* LocalE5SentencePieceTokenizer.mm */ = {isa = PBXFileReference; lastKnownFileType = sourcecode.cpp.objcpp; name = LocalE5SentencePieceTokenizer.mm; path = OrotMobile/LocalE5SentencePieceTokenizer.mm; sourceTree = "<group>"; };
		F24E00000000000000000019 /* LocalE5SentencePieceTokenizer.h */ = {isa = PBXFileReference; lastKnownFileType = sourcecode.c.h; name = LocalE5SentencePieceTokenizer.h; path = OrotMobile/LocalE5SentencePieceTokenizer.h; sourceTree = "<group>"; };
		F24E0000000000000000001A /* OrotMobile-Bridging-Header.h */ = {isa = PBXFileReference; lastKnownFileType = sourcecode.c.h; name = "OrotMobile-Bridging-Header.h"; path = "OrotMobile/OrotMobile-Bridging-Header.h"; sourceTree = "<group>"; };
		B1011000B1011000B1011001 /* NavigationGlassView.swift */ = {isa = PBXFileReference; lastKnownFileType = sourcecode.swift; path = NavigationGlassView.swift; sourceTree = "<group>"; };
		B1011000B1011000B1011002 /* NavigationGlassViewManager.m */ = {isa = PBXFileReference; lastKnownFileType = sourcecode.c.objc; path = NavigationGlassViewManager.m; sourceTree = "<group>"; };
/* End PBXFileReference section */

/* Begin PBXFrameworksBuildPhase section */
		13B07F8C1A680F5B00A75B9A /* Frameworks */ = {
			isa = PBXFrameworksBuildPhase;
			buildActionMask = 2147483647;
			files = (
				0C80B921A6F3F58F76C31292 /* libPods-OrotMobile.a in Frameworks */,
				A63F00000000000000000003 /* OpenAIProvider in Frameworks */,
				E16A00000000000000000001 /* HealthKit.framework in Frameworks */,
				F24E00000000000000000009 /* onnxruntime in Frameworks */,
				F24E0000000000000000000A /* swift-package-support-sentencepiece in Frameworks */,
			);
			runOnlyForDeploymentPostprocessing = 0;
		};
/* End PBXFrameworksBuildPhase section */

/* Begin PBXGroup section */
		13B07FAE1A68108700A75B9A /* OrotMobile */ = {
			isa = PBXGroup;
			children = (
				13B07FB51A68108700A75B9A /* Images.xcassets */,
				C1011000C1011000C1011001 /* Navigation */,
				761780EC2CA45674006654EE /* AppDelegate.swift */,
				B62F00000000000000000001 /* AppleFoundationModelsModule.swift */,
				B62F00000000000000000002 /* AppleFoundationModelsModule.m */,
				B62F00000000000000000003 /* AppleFoundationModelsCodec.swift */,
				B62F00000000000000000004 /* AppleFoundationModelsRequestSlot.swift */,
				B62F00000000000000000005 /* AppleFoundationModelsSupport.swift */,
				B63F00000000000000000001 /* OpenAIProviderModule.swift */,
				B63F00000000000000000002 /* OpenAIProviderModule.m */,
				E12A00000000000000000011 /* OpenAIProviderAuthCoordinator.swift */,
				E12A00000000000000000012 /* OpenAIProviderAuthSession.swift */,
				E12A00000000000000000013 /* OpenAIProviderRequestRegistry.swift */,
				E12A00000000000000000014 /* OpenAIProviderModuleSimulatorFixture.swift */,
				E16A00000000000000000011 /* HealthKitBoundary.swift */,
				E16A00000000000000000012 /* HealthKitModule.swift */,
				E16A00000000000000000013 /* HealthKitModule.m */,
				E16A00000000000000000014 /* HealthKitSimulatorFixture.swift */,
				E17A00000000000000000011 /* HealthKitMedicationQueries.swift */,
				E17A00000000000000000012 /* HealthKitSampleChanges.swift */,
				B63F00000000000000000003 /* OpenAIProviderErrorDetails.swift */,
				B64F00000000000000000001 /* RecordingModule.swift */,
				B64F00000000000000000002 /* RecordingModule.m */,
				B64F00000000000000000003 /* RecordingModule+Commands.swift */,
				B64F00000000000000000004 /* RecordingCaptureLifecycle.swift */,
				B64F00000000000000000005 /* RecordingSimulatorProbe.swift */,
				B64F00000000000000000006 /* RecordingFileStore.swift */,
				B64F00000000000000000007 /* RecordingSyntheticCapture.swift */,
				B64F00000000000000000008 /* RecordingDeletion.swift */,
				B64F00000000000000000009 /* RecordingDeletionPaths.swift */,
				B11600000000000000000001 /* BackupMigrationModule.swift */,
				B11600000000000000000002 /* BackupMigrationModule.m */,
				C4E159D73A594E0796941B26 /* BackupMigrationProbeSupport.swift */,
				B65F00000000000000000001 /* EventKitCalendarModule.swift */,
				B65F00000000000000000002 /* EventKitCalendarModule.m */,
				B65F00000000000000000003 /* EventKitCalendarSnapshot.swift */,
				B66F00000000000000000001 /* SyntheticCalendarDetoxModule.swift */,
				B66F00000000000000000002 /* SyntheticCalendarDetoxModule.m */,
				F24E00000000000000000011 /* LocalE5EmbeddingModule.swift */,
				F24E00000000000000000012 /* LocalE5EmbeddingModule.m */,
				F24E00000000000000000013 /* LocalE5EmbeddingRequestSlot.swift */,
				F24E00000000000000000014 /* LocalE5EmbeddingRuntime.swift */,
				F24E00000000000000000015 /* LocalE5ModelAssetStore.swift */,
				F24E00000000000000000016 /* LocalE5URLSessionDownloader.swift */,
				F24E00000000000000000017 /* LocalE5ProcessMetrics.swift */,
				F24E00000000000000000018 /* LocalE5SentencePieceTokenizer.mm */,
				F24E00000000000000000019 /* LocalE5SentencePieceTokenizer.h */,
				F24E0000000000000000001A /* OrotMobile-Bridging-Header.h */,
				E14A00000000000000000001 /* SpeechTranscriptionAnalyzer.swift */,
				E14A00000000000000000002 /* SpeechTranscriptionAudioStore.swift */,
				E14A00000000000000000003 /* SpeechTranscriptionAvailability.swift */,
				E14A00000000000000000004 /* SpeechTranscriptionEngine.swift */,
				E14A00000000000000000005 /* SpeechTranscriptionLegacyRecognizer.swift */,
				E14A00000000000000000006 /* SpeechTranscriptionModule.swift */,
				E14A00000000000000000007 /* SpeechTranscriptionModule.m */,
				E14A00000000000000000008 /* SpeechTranscriptionTypes.swift */,
				13B07FB61A68108700A75B9A /* Info.plist */,
				81AB9BB72411601600AC10FF /* LaunchScreen.storyboard */,
				13B07FB81A68108700A75B9A /* PrivacyInfo.xcprivacy */,
			);
			name = OrotMobile;
			sourceTree = "<group>";
		};
		C1011000C1011000C1011001 /* Navigation */ = {
			isa = PBXGroup;
			children = (
				B1011000B1011000B1011001 /* NavigationGlassView.swift */,
				B1011000B1011000B1011002 /* NavigationGlassViewManager.m */,
			);
			path = Navigation;
			sourceTree = "<group>";
		};
		2D16E6871FA4F8E400B85C8A /* Frameworks */ = {
			isa = PBXGroup;
			children = (
				ED297162215061F000B7C4FE /* JavaScriptCore.framework */,
				E16A00000000000000000016 /* HealthKit.framework */,
				5DCACB8F33CDC322A6C60F78 /* libPods-OrotMobile.a */,
			);
			name = Frameworks;
			sourceTree = "<group>";
		};
		832341AE1AAA6A7D00B99B32 /* Libraries */ = {
			isa = PBXGroup;
			children = (
			);
			name = Libraries;
			sourceTree = "<group>";
		};
		83CBB9F61A601CBA00E9B192 = {
			isa = PBXGroup;
			children = (
				13B07FAE1A68108700A75B9A /* OrotMobile */,
				832341AE1AAA6A7D00B99B32 /* Libraries */,
				83CBBA001A601CBA00E9B192 /* Products */,
				2D16E6871FA4F8E400B85C8A /* Frameworks */,
				BBD78D7AC51CEA395F1C20DB /* Pods */,
			);
			indentWidth = 2;
			sourceTree = "<group>";
			tabWidth = 2;
			usesTabs = 0;
		};
		83CBBA001A601CBA00E9B192 /* Products */ = {
			isa = PBXGroup;
			children = (
				13B07F961A680F5B00A75B9A /* Orot.app */,
			);
			name = Products;
			sourceTree = "<group>";
		};
		BBD78D7AC51CEA395F1C20DB /* Pods */ = {
			isa = PBXGroup;
			children = (
				3B4392A12AC88292D35C810B /* Pods-OrotMobile.debug.xcconfig */,
				5709B34CF0A7D63546082F79 /* Pods-OrotMobile.release.xcconfig */,
			);
			path = Pods;
			sourceTree = "<group>";
		};
		C1011000C1011000C1011001 /* Navigation */ = {
			isa = PBXGroup;
			children = (
				B1011000B1011000B1011001 /* NavigationGlassView.swift */,
				B1011000B1011000B1011002 /* NavigationGlassViewManager.m */,
			);
			path = Navigation;
			sourceTree = "<group>";
		};
/* End PBXGroup section */

/* Begin PBXNativeTarget section */
		13B07F861A680F5B00A75B9A /* OrotMobile */ = {
			isa = PBXNativeTarget;
			buildConfigurationList = 13B07F931A680F5B00A75B9A /* Build configuration list for PBXNativeTarget "OrotMobile" */;
			buildPhases = (
				C38B50BA6285516D6DCD4F65 /* [CP] Check Pods Manifest.lock */,
				13B07F871A680F5B00A75B9A /* Sources */,
				13B07F8C1A680F5B00A75B9A /* Frameworks */,
				13B07F8E1A680F5B00A75B9A /* Resources */,
				00DD1BFF1BD5951E006B06BC /* Bundle React Native code and images */,
				00EEFC60759A1932668264C0 /* [CP] Embed Pods Frameworks */,
				E235C05ADACE081382539298 /* [CP] Copy Pods Resources */,
			);
			buildRules = (
			);
			dependencies = (
			);
			name = OrotMobile;
			packageProductDependencies = (
				D63F00000000000000000001 /* OpenAIProvider */,
				F24E00000000000000000021 /* onnxruntime */,
				F24E00000000000000000022 /* swift-package-support-sentencepiece */,
			);
			productName = Orot;
			productReference = 13B07F961A680F5B00A75B9A /* Orot.app */;
			productType = "com.apple.product-type.application";
		};
/* End PBXNativeTarget section */

/* Begin PBXProject section */
		83CBB9F71A601CBA00E9B192 /* Project object */ = {
			isa = PBXProject;
			attributes = {
				LastUpgradeCheck = 1210;
				TargetAttributes = {
					13B07F861A680F5B00A75B9A = {
						LastSwiftMigration = 1120;
					};
				};
			};
			buildConfigurationList = 83CBB9FA1A601CBA00E9B192 /* Build configuration list for PBXProject "OrotMobile" */;
			compatibilityVersion = "Xcode 12.0";
			developmentRegion = en;
			hasScannedForEncodings = 0;
			knownRegions = (
				en,
				Base,
			);
			mainGroup = 83CBB9F61A601CBA00E9B192;
			packageReferences = (
				C63F00000000000000000001 /* XCLocalSwiftPackageReference "provider-openai" */,
				F24E00000000000000000031 /* XCRemoteSwiftPackageReference "onnxruntime-swift-package-manager" */,
				F24E00000000000000000032 /* XCRemoteSwiftPackageReference "swift-package-support-sentencepiece" */,
			);
			productRefGroup = 83CBBA001A601CBA00E9B192 /* Products */;
			projectDirPath = "";
			projectRoot = "";
			targets = (
				13B07F861A680F5B00A75B9A /* OrotMobile */,
			);
		};
/* End PBXProject section */

/* Begin PBXResourcesBuildPhase section */
		13B07F8E1A680F5B00A75B9A /* Resources */ = {
			isa = PBXResourcesBuildPhase;
			buildActionMask = 2147483647;
			files = (
				81AB9BB82411601600AC10FF /* LaunchScreen.storyboard in Resources */,
				13B07FBF1A68108700A75B9A /* Images.xcassets in Resources */,
				AC57D81E3E94B4B94BC86613 /* PrivacyInfo.xcprivacy in Resources */,
			);
			runOnlyForDeploymentPostprocessing = 0;
		};
/* End PBXResourcesBuildPhase section */

/* Begin PBXShellScriptBuildPhase section */
		00DD1BFF1BD5951E006B06BC /* Bundle React Native code and images */ = {
			isa = PBXShellScriptBuildPhase;
			buildActionMask = 2147483647;
			files = (
			);
			inputPaths = (
				"$(SRCROOT)/.xcode.env.local",
				"$(SRCROOT)/.xcode.env",
			);
			name = "Bundle React Native code and images";
			outputPaths = (
			);
			runOnlyForDeploymentPostprocessing = 0;
			shellPath = /bin/sh;
			shellScript = "set -e\n\nWITH_ENVIRONMENT=\"$REACT_NATIVE_PATH/scripts/xcode/with-environment.sh\"\nREACT_NATIVE_XCODE=\"$REACT_NATIVE_PATH/scripts/react-native-xcode.sh\"\n\n/bin/sh -c \"\\\"$WITH_ENVIRONMENT\\\" \\\"$REACT_NATIVE_XCODE\\\"\"\n";
		};
		00EEFC60759A1932668264C0 /* [CP] Embed Pods Frameworks */ = {
			isa = PBXShellScriptBuildPhase;
			buildActionMask = 2147483647;
			files = (
			);
			inputFileListPaths = (
				"${PODS_ROOT}/Target Support Files/Pods-OrotMobile/Pods-OrotMobile-frameworks-${CONFIGURATION}-input-files.xcfilelist",
			);
			name = "[CP] Embed Pods Frameworks";
			outputFileListPaths = (
				"${PODS_ROOT}/Target Support Files/Pods-OrotMobile/Pods-OrotMobile-frameworks-${CONFIGURATION}-output-files.xcfilelist",
			);
			runOnlyForDeploymentPostprocessing = 0;
			shellPath = /bin/sh;
			shellScript = "\"${PODS_ROOT}/Target Support Files/Pods-OrotMobile/Pods-OrotMobile-frameworks.sh\"\n";
			showEnvVarsInLog = 0;
		};
		C38B50BA6285516D6DCD4F65 /* [CP] Check Pods Manifest.lock */ = {
			isa = PBXShellScriptBuildPhase;
			buildActionMask = 2147483647;
			files = (
			);
			inputFileListPaths = (
			);
			inputPaths = (
				"${PODS_PODFILE_DIR_PATH}/Podfile.lock",
				"${PODS_ROOT}/Manifest.lock",
			);
			name = "[CP] Check Pods Manifest.lock";
			outputFileListPaths = (
			);
			outputPaths = (
				"$(DERIVED_FILE_DIR)/Pods-OrotMobile-checkManifestLockResult.txt",
			);
			runOnlyForDeploymentPostprocessing = 0;
			shellPath = /bin/sh;
			shellScript = "diff \"${PODS_PODFILE_DIR_PATH}/Podfile.lock\" \"${PODS_ROOT}/Manifest.lock\" > /dev/null\nif [ $? != 0 ] ; then\n    # print error to STDERR\n    echo \"error: The sandbox is not in sync with the Podfile.lock. Run 'pod install' or update your CocoaPods installation.\" >&2\n    exit 1\nfi\n# This output is used by Xcode 'outputs' to avoid re-running this script phase.\necho \"SUCCESS\" > \"${SCRIPT_OUTPUT_FILE_0}\"\n";
			showEnvVarsInLog = 0;
		};
		E235C05ADACE081382539298 /* [CP] Copy Pods Resources */ = {
			isa = PBXShellScriptBuildPhase;
			buildActionMask = 2147483647;
			files = (
			);
			inputFileListPaths = (
				"${PODS_ROOT}/Target Support Files/Pods-OrotMobile/Pods-OrotMobile-resources-${CONFIGURATION}-input-files.xcfilelist",
			);
			name = "[CP] Copy Pods Resources";
			outputFileListPaths = (
				"${PODS_ROOT}/Target Support Files/Pods-OrotMobile/Pods-OrotMobile-resources-${CONFIGURATION}-output-files.xcfilelist",
			);
			runOnlyForDeploymentPostprocessing = 0;
			shellPath = /bin/sh;
			shellScript = "\"${PODS_ROOT}/Target Support Files/Pods-OrotMobile/Pods-OrotMobile-resources.sh\"\n";
			showEnvVarsInLog = 0;
		};
/* End PBXShellScriptBuildPhase section */

/* Begin PBXSourcesBuildPhase section */
		13B07F871A680F5B00A75B9A /* Sources */ = {
			isa = PBXSourcesBuildPhase;
			buildActionMask = 2147483647;
			files = (
				761780ED2CA45674006654EE /* AppDelegate.swift in Sources */,
				A1011000A1011000A1011001 /* NavigationGlassView.swift in Sources */,
				A1011000A1011000A1011002 /* NavigationGlassViewManager.m in Sources */,
				A62F00000000000000000001 /* AppleFoundationModelsModule.swift in Sources */,
				A62F00000000000000000002 /* AppleFoundationModelsModule.m in Sources */,
				A62F00000000000000000003 /* AppleFoundationModelsCodec.swift in Sources */,
				A62F00000000000000000004 /* AppleFoundationModelsRequestSlot.swift in Sources */,
				A62F00000000000000000005 /* AppleFoundationModelsSupport.swift in Sources */,
				A63F00000000000000000001 /* OpenAIProviderModule.swift in Sources */,
				A63F00000000000000000002 /* OpenAIProviderModule.m in Sources */,
				E12A00000000000000000001 /* OpenAIProviderAuthCoordinator.swift in Sources */,
				E12A00000000000000000002 /* OpenAIProviderAuthSession.swift in Sources */,
				E12A00000000000000000003 /* OpenAIProviderRequestRegistry.swift in Sources */,
				E12A00000000000000000004 /* OpenAIProviderModuleSimulatorFixture.swift in Sources */,
				E16A00000000000000000002 /* HealthKitBoundary.swift in Sources */,
				E16A00000000000000000003 /* HealthKitModule.swift in Sources */,
				E16A00000000000000000004 /* HealthKitModule.m in Sources */,
				E16A00000000000000000005 /* HealthKitSimulatorFixture.swift in Sources */,
				E17A00000000000000000001 /* HealthKitMedicationQueries.swift in Sources */,
				E17A00000000000000000002 /* HealthKitSampleChanges.swift in Sources */,
				A63F00000000000000000004 /* OpenAIProviderErrorDetails.swift in Sources */,
				A64F00000000000000000001 /* RecordingModule.swift in Sources */,
				A64F00000000000000000002 /* RecordingModule.m in Sources */,
				A64F00000000000000000003 /* RecordingModule+Commands.swift in Sources */,
				A64F00000000000000000004 /* RecordingCaptureLifecycle.swift in Sources */,
				A64F00000000000000000005 /* RecordingSimulatorProbe.swift in Sources */,
				A64F00000000000000000006 /* RecordingFileStore.swift in Sources */,
				A64F00000000000000000007 /* RecordingSyntheticCapture.swift in Sources */,
				A64F00000000000000000008 /* RecordingDeletion.swift in Sources */,
				A64F00000000000000000009 /* RecordingDeletionPaths.swift in Sources */,
				A11600000000000000000001 /* BackupMigrationModule.swift in Sources */,
				A11600000000000000000002 /* BackupMigrationModule.m in Sources */,
				D4E159D73A594E0796941B26 /* BackupMigrationProbeSupport.swift in Sources */,
				A65F00000000000000000001 /* EventKitCalendarModule.swift in Sources */,
				A65F00000000000000000002 /* EventKitCalendarModule.m in Sources */,
				A65F00000000000000000003 /* EventKitCalendarSnapshot.swift in Sources */,
				A66F00000000000000000001 /* SyntheticCalendarDetoxModule.swift in Sources */,
				A66F00000000000000000002 /* SyntheticCalendarDetoxModule.m in Sources */,
				F24E00000000000000000001 /* LocalE5EmbeddingModule.swift in Sources */,
				F24E00000000000000000002 /* LocalE5EmbeddingModule.m in Sources */,
				F24E00000000000000000003 /* LocalE5EmbeddingRequestSlot.swift in Sources */,
				F24E00000000000000000004 /* LocalE5EmbeddingRuntime.swift in Sources */,
				F24E00000000000000000005 /* LocalE5ModelAssetStore.swift in Sources */,
				F24E00000000000000000006 /* LocalE5URLSessionDownloader.swift in Sources */,
				F24E00000000000000000007 /* LocalE5ProcessMetrics.swift in Sources */,
				F24E00000000000000000008 /* LocalE5SentencePieceTokenizer.mm in Sources */,
				E14B00000000000000000001 /* SpeechTranscriptionAnalyzer.swift in Sources */,
				E14B00000000000000000002 /* SpeechTranscriptionAudioStore.swift in Sources */,
				E14B00000000000000000003 /* SpeechTranscriptionAvailability.swift in Sources */,
				E14B00000000000000000004 /* SpeechTranscriptionEngine.swift in Sources */,
				E14B00000000000000000005 /* SpeechTranscriptionLegacyRecognizer.swift in Sources */,
				E14B00000000000000000006 /* SpeechTranscriptionModule.swift in Sources */,
				E14B00000000000000000007 /* SpeechTranscriptionModule.m in Sources */,
				E14B00000000000000000008 /* SpeechTranscriptionTypes.swift in Sources */,
			);
			runOnlyForDeploymentPostprocessing = 0;
		};
/* End PBXSourcesBuildPhase section */

/* Begin XCBuildConfiguration section */
		13B07F941A680F5B00A75B9A /* Debug */ = {
			isa = XCBuildConfiguration;
			baseConfigurationReference = 3B4392A12AC88292D35C810B /* Pods-OrotMobile.debug.xcconfig */;
			buildSettings = {
				ASSETCATALOG_COMPILER_APPICON_NAME = AppIcon;
				CLANG_ENABLE_MODULES = YES;
				"CODE_SIGN_ENTITLEMENTS[sdk=iphoneos*]" = OrotMobile/OrotMobile.entitlements;
				"CODE_SIGN_ENTITLEMENTS[sdk=iphonesimulator*]" = "$(OROT_SIMULATOR_ENTITLEMENTS)";
				CURRENT_PROJECT_VERSION = 1;
				"DEVELOPMENT_TEAM[sdk=iphonesimulator*]" = OROTSIM000;
				ENABLE_BITCODE = NO;
				INFOPLIST_FILE = OrotMobile/Info.plist;
				IPHONEOS_DEPLOYMENT_TARGET = 15.1;
				LD_RUNPATH_SEARCH_PATHS = (
					"$(inherited)",
					"@executable_path/Frameworks",
				);
				MARKETING_VERSION = 1.0;
				"OROT_SIMULATOR_ENTITLEMENTS[sdk=iphonesimulator*]" = OrotMobile/OrotMobile.simulator.entitlements;
				OTHER_LDFLAGS = (
					"$(inherited)",
					"-ObjC",
					"-lc++",
				);
				PRODUCT_BUNDLE_IDENTIFIER = com.orot.mobile;
				PRODUCT_NAME = Orot;
				SUPPORTED_PLATFORMS = "iphoneos iphonesimulator";
				SWIFT_OBJC_BRIDGING_HEADER = "OrotMobile/OrotMobile-Bridging-Header.h";
				SWIFT_OPTIMIZATION_LEVEL = "-Onone";
				SWIFT_VERSION = 5.0;
				TARGETED_DEVICE_FAMILY = "1,2";
				VERSIONING_SYSTEM = "apple-generic";
			};
			name = Debug;
		};
		13B07F951A680F5B00A75B9A /* Release */ = {
			isa = XCBuildConfiguration;
			baseConfigurationReference = 5709B34CF0A7D63546082F79 /* Pods-OrotMobile.release.xcconfig */;
			buildSettings = {
				ASSETCATALOG_COMPILER_APPICON_NAME = AppIcon;
				CLANG_ENABLE_MODULES = YES;
				"CODE_SIGN_ENTITLEMENTS[sdk=iphoneos*]" = OrotMobile/OrotMobile.entitlements;
				"CODE_SIGN_ENTITLEMENTS[sdk=iphonesimulator*]" = "$(OROT_SIMULATOR_ENTITLEMENTS)";
				CURRENT_PROJECT_VERSION = 1;
				"DEVELOPMENT_TEAM[sdk=iphonesimulator*]" = OROTSIM000;
				INFOPLIST_FILE = OrotMobile/Info.plist;
				IPHONEOS_DEPLOYMENT_TARGET = 15.1;
				LD_RUNPATH_SEARCH_PATHS = (
					"$(inherited)",
					"@executable_path/Frameworks",
				);
				MARKETING_VERSION = 1.0;
				"OROT_SIMULATOR_ENTITLEMENTS[sdk=iphonesimulator*]" = OrotMobile/OrotMobile.simulator.entitlements;
				OTHER_LDFLAGS = (
					"$(inherited)",
					"-ObjC",
					"-lc++",
				);
				PRODUCT_BUNDLE_IDENTIFIER = com.orot.mobile;
				PRODUCT_NAME = Orot;
				SUPPORTED_PLATFORMS = "iphoneos iphonesimulator";
				SWIFT_OBJC_BRIDGING_HEADER = "OrotMobile/OrotMobile-Bridging-Header.h";
				SWIFT_VERSION = 5.0;
				TARGETED_DEVICE_FAMILY = "1,2";
				VERSIONING_SYSTEM = "apple-generic";
			};
			name = Release;
		};
		83CBBA201A601CBA00E9B192 /* Debug */ = {
			isa = XCBuildConfiguration;
			buildSettings = {
				ALWAYS_SEARCH_USER_PATHS = NO;
				CLANG_ANALYZER_LOCALIZABILITY_NONLOCALIZED = YES;
				CLANG_CXX_LANGUAGE_STANDARD = "c++20";
				CLANG_CXX_LIBRARY = "libc++";
				CLANG_ENABLE_MODULES = YES;
				CLANG_ENABLE_OBJC_ARC = YES;
				CLANG_WARN_BLOCK_CAPTURE_AUTORELEASING = YES;
				CLANG_WARN_BOOL_CONVERSION = YES;
				CLANG_WARN_COMMA = YES;
				CLANG_WARN_CONSTANT_CONVERSION = YES;
				CLANG_WARN_DEPRECATED_OBJC_IMPLEMENTATIONS = YES;
				CLANG_WARN_DIRECT_OBJC_ISA_USAGE = YES_ERROR;
				CLANG_WARN_EMPTY_BODY = YES;
				CLANG_WARN_ENUM_CONVERSION = YES;
				CLANG_WARN_INFINITE_RECURSION = YES;
				CLANG_WARN_INT_CONVERSION = YES;
				CLANG_WARN_NON_LITERAL_NULL_CONVERSION = YES;
				CLANG_WARN_OBJC_IMPLICIT_RETAIN_SELF = YES;
				CLANG_WARN_OBJC_LITERAL_CONVERSION = YES;
				CLANG_WARN_OBJC_ROOT_CLASS = YES_ERROR;
				CLANG_WARN_QUOTED_INCLUDE_IN_FRAMEWORK_HEADER = YES;
				CLANG_WARN_RANGE_LOOP_ANALYSIS = YES;
				CLANG_WARN_STRICT_PROTOTYPES = YES;
				CLANG_WARN_SUSPICIOUS_MOVE = YES;
				CLANG_WARN_UNREACHABLE_CODE = YES;
				CLANG_WARN__DUPLICATE_METHOD_MATCH = YES;
				"CODE_SIGN_IDENTITY[sdk=iphoneos*]" = "iPhone Developer";
				COPY_PHASE_STRIP = NO;
				ENABLE_STRICT_OBJC_MSGSEND = YES;
				ENABLE_TESTABILITY = YES;
				"EXCLUDED_ARCHS[sdk=iphonesimulator*]" = "";
				GCC_C_LANGUAGE_STANDARD = gnu99;
				GCC_DYNAMIC_NO_PIC = NO;
				GCC_NO_COMMON_BLOCKS = YES;
				GCC_OPTIMIZATION_LEVEL = 0;
				GCC_PREPROCESSOR_DEFINITIONS = (
					"DEBUG=1",
					"$(inherited)",
				);
				GCC_SYMBOLS_PRIVATE_EXTERN = NO;
				GCC_WARN_64_TO_32_BIT_CONVERSION = YES;
				GCC_WARN_ABOUT_RETURN_TYPE = YES_ERROR;
				GCC_WARN_UNDECLARED_SELECTOR = YES;
				GCC_WARN_UNINITIALIZED_AUTOS = YES_AGGRESSIVE;
				GCC_WARN_UNUSED_FUNCTION = YES;
				GCC_WARN_UNUSED_VARIABLE = YES;
				IPHONEOS_DEPLOYMENT_TARGET = 15.1;
				LD_RUNPATH_SEARCH_PATHS = (
					/usr/lib/swift,
					"$(inherited)",
				);
				LIBRARY_SEARCH_PATHS = (
					"\"$(SDKROOT)/usr/lib/swift\"",
					"\"$(TOOLCHAIN_DIR)/usr/lib/swift/$(PLATFORM_NAME)\"",
					"\"$(inherited)\"",
				);
				MTL_ENABLE_DEBUG_INFO = YES;
				ONLY_ACTIVE_ARCH = YES;
				OTHER_CFLAGS = (
					"$(inherited)",
					"-DRCT_REMOVE_LEGACY_ARCH=1",
				);
				OTHER_CPLUSPLUSFLAGS = (
					"$(OTHER_CFLAGS)",
					"-DFOLLY_NO_CONFIG",
					"-DFOLLY_MOBILE=1",
					"-DFOLLY_USE_LIBCPP=1",
					"-DFOLLY_CFG_NO_COROUTINES=1",
					"-DFOLLY_HAVE_CLOCK_GETTIME=1",
					"-DRCT_REMOVE_LEGACY_ARCH=1",
				);
				PODFILE_DIR = "$(SRCROOT)";
				REACT_NATIVE_PATH = "${PODS_ROOT}/../../../../node_modules/.pnpm/react-native@0.87.1_@babel+core@7.29.7_supports-color@8.1.1__@react-native-community+cl_4c0f73bcfc364173162fcf170269359f/node_modules/react-native";
				SDKROOT = iphoneos;
				SWIFT_ACTIVE_COMPILATION_CONDITIONS = "$(inherited) DEBUG";
				USE_HERMES = true;
			};
			name = Debug;
		};
		83CBBA211A601CBA00E9B192 /* Release */ = {
			isa = XCBuildConfiguration;
			buildSettings = {
				ALWAYS_SEARCH_USER_PATHS = NO;
				CLANG_ANALYZER_LOCALIZABILITY_NONLOCALIZED = YES;
				CLANG_CXX_LANGUAGE_STANDARD = "c++20";
				CLANG_CXX_LIBRARY = "libc++";
				CLANG_ENABLE_MODULES = YES;
				CLANG_ENABLE_OBJC_ARC = YES;
				CLANG_WARN_BLOCK_CAPTURE_AUTORELEASING = YES;
				CLANG_WARN_BOOL_CONVERSION = YES;
				CLANG_WARN_COMMA = YES;
				CLANG_WARN_CONSTANT_CONVERSION = YES;
				CLANG_WARN_DEPRECATED_OBJC_IMPLEMENTATIONS = YES;
				CLANG_WARN_DIRECT_OBJC_ISA_USAGE = YES_ERROR;
				CLANG_WARN_EMPTY_BODY = YES;
				CLANG_WARN_ENUM_CONVERSION = YES;
				CLANG_WARN_INFINITE_RECURSION = YES;
				CLANG_WARN_INT_CONVERSION = YES;
				CLANG_WARN_NON_LITERAL_NULL_CONVERSION = YES;
				CLANG_WARN_OBJC_IMPLICIT_RETAIN_SELF = YES;
				CLANG_WARN_OBJC_LITERAL_CONVERSION = YES;
				CLANG_WARN_OBJC_ROOT_CLASS = YES_ERROR;
				CLANG_WARN_QUOTED_INCLUDE_IN_FRAMEWORK_HEADER = YES;
				CLANG_WARN_RANGE_LOOP_ANALYSIS = YES;
				CLANG_WARN_STRICT_PROTOTYPES = YES;
				CLANG_WARN_SUSPICIOUS_MOVE = YES;
				CLANG_WARN_UNREACHABLE_CODE = YES;
				CLANG_WARN__DUPLICATE_METHOD_MATCH = YES;
				"CODE_SIGN_IDENTITY[sdk=iphoneos*]" = "iPhone Developer";
				COPY_PHASE_STRIP = YES;
				ENABLE_NS_ASSERTIONS = NO;
				ENABLE_STRICT_OBJC_MSGSEND = YES;
				"EXCLUDED_ARCHS[sdk=iphonesimulator*]" = "";
				GCC_C_LANGUAGE_STANDARD = gnu99;
				GCC_NO_COMMON_BLOCKS = YES;
				GCC_WARN_64_TO_32_BIT_CONVERSION = YES;
				GCC_WARN_ABOUT_RETURN_TYPE = YES_ERROR;
				GCC_WARN_UNDECLARED_SELECTOR = YES;
				GCC_WARN_UNINITIALIZED_AUTOS = YES_AGGRESSIVE;
				GCC_WARN_UNUSED_FUNCTION = YES;
				GCC_WARN_UNUSED_VARIABLE = YES;
				IPHONEOS_DEPLOYMENT_TARGET = 15.1;
				LD_RUNPATH_SEARCH_PATHS = (
					/usr/lib/swift,
					"$(inherited)",
				);
				LIBRARY_SEARCH_PATHS = (
					"\"$(SDKROOT)/usr/lib/swift\"",
					"\"$(TOOLCHAIN_DIR)/usr/lib/swift/$(PLATFORM_NAME)\"",
					"\"$(inherited)\"",
				);
				MTL_ENABLE_DEBUG_INFO = NO;
				OTHER_CFLAGS = (
					"$(inherited)",
					"-DRCT_REMOVE_LEGACY_ARCH=1",
				);
				OTHER_CPLUSPLUSFLAGS = (
					"$(OTHER_CFLAGS)",
					"-DFOLLY_NO_CONFIG",
					"-DFOLLY_MOBILE=1",
					"-DFOLLY_USE_LIBCPP=1",
					"-DFOLLY_CFG_NO_COROUTINES=1",
					"-DFOLLY_HAVE_CLOCK_GETTIME=1",
					"-DRCT_REMOVE_LEGACY_ARCH=1",
				);
				PODFILE_DIR = "$(SRCROOT)";
				REACT_NATIVE_PATH = "${PODS_ROOT}/../../../../node_modules/.pnpm/react-native@0.87.1_@babel+core@7.29.7_supports-color@8.1.1__@react-native-community+cl_4c0f73bcfc364173162fcf170269359f/node_modules/react-native";
				SDKROOT = iphoneos;
				USE_HERMES = true;
				VALIDATE_PRODUCT = YES;
			};
			name = Release;
		};
/* End XCBuildConfiguration section */

/* Begin XCConfigurationList section */
		13B07F931A680F5B00A75B9A /* Build configuration list for PBXNativeTarget "OrotMobile" */ = {
			isa = XCConfigurationList;
			buildConfigurations = (
				13B07F941A680F5B00A75B9A /* Debug */,
				13B07F951A680F5B00A75B9A /* Release */,
			);
			defaultConfigurationIsVisible = 0;
			defaultConfigurationName = Release;
		};
		83CBB9FA1A601CBA00E9B192 /* Build configuration list for PBXProject "OrotMobile" */ = {
			isa = XCConfigurationList;
			buildConfigurations = (
				83CBBA201A601CBA00E9B192 /* Debug */,
				83CBBA211A601CBA00E9B192 /* Release */,
			);
			defaultConfigurationIsVisible = 0;
			defaultConfigurationName = Release;
		};
/* End XCConfigurationList section */

/* Begin XCLocalSwiftPackageReference section */
		C63F00000000000000000001 /* XCLocalSwiftPackageReference "provider-openai" */ = {
			isa = XCLocalSwiftPackageReference;
			relativePath = "../../../packages/provider-openai";
		};
/* End XCLocalSwiftPackageReference section */

/* Begin XCRemoteSwiftPackageReference section */
		F24E00000000000000000031 /* XCRemoteSwiftPackageReference "onnxruntime-swift-package-manager" */ = {
			isa = XCRemoteSwiftPackageReference;
			repositoryURL = "https://github.com/microsoft/onnxruntime-swift-package-manager.git";
			requirement = {
				kind = exactVersion;
				version = 1.24.2;
			};
		};
		F24E00000000000000000032 /* XCRemoteSwiftPackageReference "swift-package-support-sentencepiece" */ = {
			isa = XCRemoteSwiftPackageReference;
			repositoryURL = "https://github.com/liuliu/swift-package-support-sentencepiece.git";
			requirement = {
				kind = revision;
				revision = 48f1241971c19dc79c314e5a9c5b9c38cbf25a53;
			};
		};
/* End XCRemoteSwiftPackageReference section */

/* Begin XCSwiftPackageProductDependency section */
		D63F00000000000000000001 /* OpenAIProvider */ = {
			isa = XCSwiftPackageProductDependency;
			package = C63F00000000000000000001 /* XCLocalSwiftPackageReference "provider-openai" */;
			productName = OpenAIProvider;
		};
		F24E00000000000000000021 /* onnxruntime */ = {
			isa = XCSwiftPackageProductDependency;
			package = F24E00000000000000000031 /* XCRemoteSwiftPackageReference "onnxruntime-swift-package-manager" */;
			productName = onnxruntime;
		};
		F24E00000000000000000022 /* swift-package-support-sentencepiece */ = {
			isa = XCSwiftPackageProductDependency;
			package = F24E00000000000000000032 /* XCRemoteSwiftPackageReference "swift-package-support-sentencepiece" */;
			productName = "swift-package-support-sentencepiece";
		};
/* End XCSwiftPackageProductDependency section */
	};
	rootObject = 83CBB9F71A601CBA00E9B192 /* Project object */;
}
